// !$*UTF8*$!
{
	archiveVersion = 1;
	classes = {
	};
	objectVersion = 60;
	objects = {

/* Begin PBXBuildFile section */
		001 /* ColumbaApp.swift in Sources */ = {isa = PBXBuildFile; fileRef = F001 /* ColumbaApp.swift */; };
		002 /* Theme.swift in Sources */ = {isa = PBXBuildFile; fileRef = F002 /* Theme.swift */; };
		003 /* ChatsViewModel.swift in Sources */ = {isa = PBXBuildFile; fileRef = F003 /* ChatsViewModel.swift */; };
		004 /* ContactsViewModel.swift in Sources */ = {isa = PBXBuildFile; fileRef = F004 /* ContactsViewModel.swift */; };
		005 /* MessagingViewModel.swift in Sources */ = {isa = PBXBuildFile; fileRef = F005 /* MessagingViewModel.swift */; };
		006 /* SettingsViewModel.swift in Sources */ = {isa = PBXBuildFile; fileRef = F006 /* SettingsViewModel.swift */; };
		007 /* MainTabView.swift in Sources */ = {isa = PBXBuildFile; fileRef = F007 /* MainTabView.swift */; };
		008 /* ChatsView.swift in Sources */ = {isa = PBXBuildFile; fileRef = F008 /* ChatsView.swift */; };
		009 /* ConversationRow.swift in Sources */ = {isa = PBXBuildFile; fileRef = F009 /* ConversationRow.swift */; };
		010 /* ContactsView.swift in Sources */ = {isa = PBXBuildFile; fileRef = F010 /* ContactsView.swift */; };
		011 /* ContactCard.swift in Sources */ = {isa = PBXBuildFile; fileRef = F011 /* ContactCard.swift */; };
		012 /* NetworkAnnouncesTab.swift in Sources */ = {isa = PBXBuildFile; fileRef = F012 /* NetworkAnnouncesTab.swift */; };
		013 /* MessagingView.swift in Sources */ = {isa = PBXBuildFile; fileRef = F013 /* MessagingView.swift */; };
		014 /* MessageBubble.swift in Sources */ = {isa = PBXBuildFile; fileRef = F014 /* MessageBubble.swift */; };
		073 /* MessageDetailView.swift in Sources */ = {isa = PBXBuildFile; fileRef = F073 /* MessageDetailView.swift */; };
		015 /* MessageInputBar.swift in Sources */ = {isa = PBXBuildFile; fileRef = F015 /* MessageInputBar.swift */; };
		016 /* SettingsView.swift in Sources */ = {isa = PBXBuildFile; fileRef = F016 /* SettingsView.swift */; };
		017 /* MyIdentityView.swift in Sources */ = {isa = PBXBuildFile; fileRef = F017 /* MyIdentityView.swift */; };
		018 /* ExpandableSettingsCard.swift in Sources */ = {isa = PBXBuildFile; fileRef = F018 /* ExpandableSettingsCard.swift */; };
		019 /* Identicon.swift in Sources */ = {isa = PBXBuildFile; fileRef = F019 /* Identicon.swift */; };
		020 /* IdenticonGenerator.swift in Sources */ = {isa = PBXBuildFile; fileRef = F020 /* IdenticonGenerator.swift */; };
		021 /* MapView.swift in Sources */ = {isa = PBXBuildFile; fileRef = F021 /* MapView.swift */; };
		022 /* Assets.xcassets in Resources */ = {isa = PBXBuildFile; fileRef = F022 /* Assets.xcassets */; };
		023 /* LXMFSwift in Frameworks */ = {isa = PBXBuildFile; productRef = P001 /* LXMFSwift */; };
		024 /* AppServices.swift in Sources */ = {isa = PBXBuildFile; fileRef = F024 /* AppServices.swift */; };
		025 /* MessageRepository.swift in Sources */ = {isa = PBXBuildFile; fileRef = F025 /* MessageRepository.swift */; };
		026 /* SettingsRepository.swift in Sources */ = {isa = PBXBuildFile; fileRef = F026 /* SettingsRepository.swift */; };
		027 /* NotificationObserver.swift in Sources */ = {isa = PBXBuildFile; fileRef = F027 /* NotificationObserver.swift */; };
		028 /* IncomingMessageHandler.swift in Sources */ = {isa = PBXBuildFile; fileRef = F028 /* IncomingMessageHandler.swift */; };
		029 /* InterfaceRepository.swift in Sources */ = {isa = PBXBuildFile; fileRef = F029 /* InterfaceRepository.swift */; };
		030 /* InterfaceManagementViewModel.swift in Sources */ = {isa = PBXBuildFile; fileRef = F030 /* InterfaceManagementViewModel.swift */; };
		031 /* InterfaceManagementScreen.swift in Sources */ = {isa = PBXBuildFile; fileRef = F031 /* InterfaceManagementScreen.swift */; };
		032 /* NodeDetailsView.swift in Sources */ = {isa = PBXBuildFile; fileRef = F032 /* NodeDetailsView.swift */; };
		033 /* PropagationNodeManager.swift in Sources */ = {isa = PBXBuildFile; fileRef = F033 /* PropagationNodeManager.swift */; };
		034 /* NetworkStatusViewModel.swift in Sources */ = {isa = PBXBuildFile; fileRef = F034 /* NetworkStatusViewModel.swift */; };
		035 /* NetworkStatusView.swift in Sources */ = {isa = PBXBuildFile; fileRef = F035 /* NetworkStatusView.swift */; };
		036 /* MaterialDesignIcons.swift in Sources */ = {isa = PBXBuildFile; fileRef = F036 /* MaterialDesignIcons.swift */; };
		037 /* ProfileIcon.swift in Sources */ = {isa = PBXBuildFile; fileRef = F037 /* ProfileIcon.swift */; };
		038 /* IconPickerView.swift in Sources */ = {isa = PBXBuildFile; fileRef = F038 /* IconPickerView.swift */; };
		039 /* materialdesignicons.ttf in Resources */ = {isa = PBXBuildFile; fileRef = F039 /* materialdesignicons.ttf */; };
		040 /* NotificationService.swift in Sources */ = {isa = PBXBuildFile; fileRef = F040 /* NotificationService.swift */; };
		041 /* AutoAnnounceManager.swift in Sources */ = {isa = PBXBuildFile; fileRef = F041 /* AutoAnnounceManager.swift */; };
		042 /* LocalIdentity.swift in Sources */ = {isa = PBXBuildFile; fileRef = F042 /* LocalIdentity.swift */; };
		043 /* IdentityManager.swift in Sources */ = {isa = PBXBuildFile; fileRef = F043 /* IdentityManager.swift */; };
		044 /* IdentityManagerView.swift in Sources */ = {isa = PBXBuildFile; fileRef = F044 /* IdentityManagerView.swift */; };
		045 /* LoRaPresets.swift in Sources */ = {isa = PBXBuildFile; fileRef = F045 /* LoRaPresets.swift */; };
		046 /* BLEDevicePickerSheet.swift in Sources */ = {isa = PBXBuildFile; fileRef = F046 /* BLEDevicePickerSheet.swift */; };
		047 /* RNodeConfigSheet.swift in Sources */ = {isa = PBXBuildFile; fileRef = F047 /* RNodeConfigSheet.swift */; };
		048 /* MapLibreMapView.swift in Sources */ = {isa = PBXBuildFile; fileRef = F048 /* MapLibreMapView.swift */; };
		049 /* MapLibre in Frameworks */ = {isa = PBXBuildFile; productRef = P002 /* MapLibre */; };
		049B /* QRScannerView.swift in Sources */ = {isa = PBXBuildFile; fileRef = F049 /* QRScannerView.swift */; };
		04AB /* AddContactSheet.swift in Sources */ = {isa = PBXBuildFile; fileRef = F04A /* AddContactSheet.swift */; };
		04BB /* LocationSharingManager.swift in Sources */ = {isa = PBXBuildFile; fileRef = F04B /* LocationSharingManager.swift */; };
		04CB /* OnboardingView.swift in Sources */ = {isa = PBXBuildFile; fileRef = F04C /* OnboardingView.swift */; };
		04DB /* WelcomePage.swift in Sources */ = {isa = PBXBuildFile; fileRef = F04D /* WelcomePage.swift */; };
		04EB /* IdentityPage.swift in Sources */ = {isa = PBXBuildFile; fileRef = F04E /* IdentityPage.swift */; };
		04FB /* ConnectivityPage.swift in Sources */ = {isa = PBXBuildFile; fileRef = F04F /* ConnectivityPage.swift */; };
		050B /* PermissionsPage.swift in Sources */ = {isa = PBXBuildFile; fileRef = F050 /* PermissionsPage.swift */; };
		051B /* CompletePage.swift in Sources */ = {isa = PBXBuildFile; fileRef = F051 /* CompletePage.swift */; };
		052B /* OnboardingViewModel.swift in Sources */ = {isa = PBXBuildFile; fileRef = F052 /* OnboardingViewModel.swift */; };
		053B /* TcpCommunityServer.swift in Sources */ = {isa = PBXBuildFile; fileRef = F053 /* TcpCommunityServer.swift */; };
		054B /* RNodeWizardView.swift in Sources */ = {isa = PBXBuildFile; fileRef = F054 /* RNodeWizardView.swift */; };
		055B /* DeviceDiscoveryStep.swift in Sources */ = {isa = PBXBuildFile; fileRef = F055 /* DeviceDiscoveryStep.swift */; };
		056B /* RegionSelectionStep.swift in Sources */ = {isa = PBXBuildFile; fileRef = F056 /* RegionSelectionStep.swift */; };
		057B /* ModemPresetStep.swift in Sources */ = {isa = PBXBuildFile; fileRef = F057 /* ModemPresetStep.swift */; };
		058B /* FrequencySlotStep.swift in Sources */ = {isa = PBXBuildFile; fileRef = F058 /* FrequencySlotStep.swift */; };
		059B /* ReviewConfigStep.swift in Sources */ = {isa = PBXBuildFile; fileRef = F059 /* ReviewConfigStep.swift */; };
		05AB /* RNodeWizardViewModel.swift in Sources */ = {isa = PBXBuildFile; fileRef = F05A /* RNodeWizardViewModel.swift */; };
		05BB /* MigrationData.swift in Sources */ = {isa = PBXBuildFile; fileRef = F05B /* MigrationData.swift */; };
		05CB /* MigrationCrypto.swift in Sources */ = {isa = PBXBuildFile; fileRef = F05C /* MigrationCrypto.swift */; };
		05DB /* MigrationExporter.swift in Sources */ = {isa = PBXBuildFile; fileRef = F05D /* MigrationExporter.swift */; };
		05EB /* MigrationImporter.swift in Sources */ = {isa = PBXBuildFile; fileRef = F05E /* MigrationImporter.swift */; };
		05FB /* MigrationViewModel.swift in Sources */ = {isa = PBXBuildFile; fileRef = F05F /* MigrationViewModel.swift */; };
		060B /* MigrationScreen.swift in Sources */ = {isa = PBXBuildFile; fileRef = F060 /* MigrationScreen.swift */; };
		061B /* OfflineMapManager.swift in Sources */ = {isa = PBXBuildFile; fileRef = F061 /* OfflineMapManager.swift */; };
		062B /* OfflineMapDownloadView.swift in Sources */ = {isa = PBXBuildFile; fileRef = F062 /* OfflineMapDownloadView.swift */; };
		063B /* OfflineMapsScreen.swift in Sources */ = {isa = PBXBuildFile; fileRef = F063 /* OfflineMapsScreen.swift */; };
		064B /* ThemeColors.swift in Sources */ = {isa = PBXBuildFile; fileRef = F064 /* ThemeColors.swift */; };
		065B /* ThemeManager.swift in Sources */ = {isa = PBXBuildFile; fileRef = F065 /* ThemeManager.swift */; };
		066B /* AppearanceCard.swift in Sources */ = {isa = PBXBuildFile; fileRef = F066 /* AppearanceCard.swift */; };
		067B /* CustomThemeEditorView.swift in Sources */ = {isa = PBXBuildFile; fileRef = F067 /* CustomThemeEditorView.swift */; };
		068B /* CallManager.swift in Sources */ = {isa = PBXBuildFile; fileRef = F068 /* CallManager.swift */; };
		069B /* CodecProfileInfo.swift in Sources */ = {isa = PBXBuildFile; fileRef = F069 /* CodecProfileInfo.swift */; };
		06AB /* CallControlButton.swift in Sources */ = {isa = PBXBuildFile; fileRef = F06A /* CallControlButton.swift */; };
		06BB /* CodecSelectionSheet.swift in Sources */ = {isa = PBXBuildFile; fileRef = F06B /* CodecSelectionSheet.swift */; };
		06CB /* IncomingCallScreen.swift in Sources */ = {isa = PBXBuildFile; fileRef = F06C /* IncomingCallScreen.swift */; };
		06DB /* PttButton.swift in Sources */ = {isa = PBXBuildFile; fileRef = F06D /* PttButton.swift */; };
		06EB /* VoiceCallScreen.swift in Sources */ = {isa = PBXBuildFile; fileRef = F06E /* VoiceCallScreen.swift */; };
		06F0 /* CallKitManager.swift in Sources */ = {isa = PBXBuildFile; fileRef = F06F /* CallKitManager.swift */; };
		06FB /* LXSTSwift in Frameworks */ = {isa = PBXBuildFile; productRef = P003 /* LXSTSwift */; };
		0700 /* AudioManager.swift in Sources */ = {isa = PBXBuildFile; fileRef = F070 /* AudioManager.swift */; };
		071B /* BLEConnectionsView.swift in Sources */ = {isa = PBXBuildFile; fileRef = F071 /* BLEConnectionsView.swift */; };
		072B /* RNodeProbeScanner.swift in Sources */ = {isa = PBXBuildFile; fileRef = F072 /* RNodeProbeScanner.swift */; };
		074B /* SharedDefaults.swift in Sources */ = {isa = PBXBuildFile; fileRef = F074 /* SharedDefaults.swift */; };
		076B /* SharedFrameQueue.swift in Sources */ = {isa = PBXBuildFile; fileRef = F076 /* SharedFrameQueue.swift */; };
		E001 /* PacketTunnelProvider.swift in Sources */ = {isa = PBXBuildFile; fileRef = FE01 /* PacketTunnelProvider.swift */; };
		E002 /* SharedFrameQueue.swift in Sources */ = {isa = PBXBuildFile; fileRef = F076 /* SharedFrameQueue.swift */; };
		E003 /* ColumbaNetworkExtension.appex in Embed App Extensions */ = {isa = PBXBuildFile; fileRef = EPROD /* ColumbaNetworkExtension.appex */; settings = {ATTRIBUTES = (RemoveHeadersOnCopy, ); }; };
		077B /* TunnelManager.swift in Sources */ = {isa = PBXBuildFile; fileRef = F077 /* TunnelManager.swift */; };
		078B /* ExtensionFrameReader.swift in Sources */ = {isa = PBXBuildFile; fileRef = F078 /* ExtensionFrameReader.swift */; };
/* End PBXBuildFile section */

/* Begin PBXFileReference section */
		F001 /* ColumbaApp.swift */ = {isa = PBXFileReference; lastKnownFileType = sourcecode.swift; path = ColumbaApp.swift; sourceTree = "<group>"; };
		F002 /* Theme.swift */ = {isa = PBXFileReference; lastKnownFileType = sourcecode.swift; path = Theme.swift; sourceTree = "<group>"; };
		F003 /* ChatsViewModel.swift */ = {isa = PBXFileReference; lastKnownFileType = sourcecode.swift; path = ChatsViewModel.swift; sourceTree = "<group>"; };
		F004 /* ContactsViewModel.swift */ = {isa = PBXFileReference; lastKnownFileType = sourcecode.swift; path = ContactsViewModel.swift; sourceTree = "<group>"; };
		F005 /* MessagingViewModel.swift */ = {isa = PBXFileReference; lastKnownFileType = sourcecode.swift; path = MessagingViewModel.swift; sourceTree = "<group>"; };
		F006 /* SettingsViewModel.swift */ = {isa = PBXFileReference; lastKnownFileType = sourcecode.swift; path = SettingsViewModel.swift; sourceTree = "<group>"; };
		F007 /* MainTabView.swift */ = {isa = PBXFileReference; lastKnownFileType = sourcecode.swift; path = MainTabView.swift; sourceTree = "<group>"; };
		F008 /* ChatsView.swift */ = {isa = PBXFileReference; lastKnownFileType = sourcecode.swift; path = ChatsView.swift; sourceTree = "<group>"; };
		F009 /* ConversationRow.swift */ = {isa = PBXFileReference; lastKnownFileType = sourcecode.swift; path = ConversationRow.swift; sourceTree = "<group>"; };
		F010 /* ContactsView.swift */ = {isa = PBXFileReference; lastKnownFileType = sourcecode.swift; path = ContactsView.swift; sourceTree = "<group>"; };
		F011 /* ContactCard.swift */ = {isa = PBXFileReference; lastKnownFileType = sourcecode.swift; path = ContactCard.swift; sourceTree = "<group>"; };
		F012 /* NetworkAnnouncesTab.swift */ = {isa = PBXFileReference; lastKnownFileType = sourcecode.swift; path = NetworkAnnouncesTab.swift; sourceTree = "<group>"; };
		F013 /* MessagingView.swift */ = {isa = PBXFileReference; lastKnownFileType = sourcecode.swift; path = MessagingView.swift; sourceTree = "<group>"; };
		F014 /* MessageBubble.swift */ = {isa = PBXFileReference; lastKnownFileType = sourcecode.swift; path = MessageBubble.swift; sourceTree = "<group>"; };
		F015 /* MessageInputBar.swift */ = {isa = PBXFileReference; lastKnownFileType = sourcecode.swift; path = MessageInputBar.swift; sourceTree = "<group>"; };
		F016 /* SettingsView.swift */ = {isa = PBXFileReference; lastKnownFileType = sourcecode.swift; path = SettingsView.swift; sourceTree = "<group>"; };
		F017 /* MyIdentityView.swift */ = {isa = PBXFileReference; lastKnownFileType = sourcecode.swift; path = MyIdentityView.swift; sourceTree = "<group>"; };
		F018 /* ExpandableSettingsCard.swift */ = {isa = PBXFileReference; lastKnownFileType = sourcecode.swift; path = ExpandableSettingsCard.swift; sourceTree = "<group>"; };
		F019 /* Identicon.swift */ = {isa = PBXFileReference; lastKnownFileType = sourcecode.swift; path = Identicon.swift; sourceTree = "<group>"; };
		F020 /* IdenticonGenerator.swift */ = {isa = PBXFileReference; lastKnownFileType = sourcecode.swift; path = IdenticonGenerator.swift; sourceTree = "<group>"; };
		F021 /* MapView.swift */ = {isa = PBXFileReference; lastKnownFileType = sourcecode.swift; path = MapView.swift; sourceTree = "<group>"; };
		F022 /* Assets.xcassets */ = {isa = PBXFileReference; lastKnownFileType = folder.assetcatalog; path = Assets.xcassets; sourceTree = "<group>"; };
		F023 /* Info.plist */ = {isa = PBXFileReference; lastKnownFileType = text.plist.xml; path = Info.plist; sourceTree = "<group>"; };
		F024 /* AppServices.swift */ = {isa = PBXFileReference; lastKnownFileType = sourcecode.swift; path = AppServices.swift; sourceTree = "<group>"; };
		F025 /* MessageRepository.swift */ = {isa = PBXFileReference; lastKnownFileType = sourcecode.swift; path = MessageRepository.swift; sourceTree = "<group>"; };
		F026 /* SettingsRepository.swift */ = {isa = PBXFileReference; lastKnownFileType = sourcecode.swift; path = SettingsRepository.swift; sourceTree = "<group>"; };
		F027 /* NotificationObserver.swift */ = {isa = PBXFileReference; lastKnownFileType = sourcecode.swift; path = NotificationObserver.swift; sourceTree = "<group>"; };
		F028 /* IncomingMessageHandler.swift */ = {isa = PBXFileReference; lastKnownFileType = sourcecode.swift; path = IncomingMessageHandler.swift; sourceTree = "<group>"; };
		F029 /* InterfaceRepository.swift */ = {isa = PBXFileReference; lastKnownFileType = sourcecode.swift; path = InterfaceRepository.swift; sourceTree = "<group>"; };
		F030 /* InterfaceManagementViewModel.swift */ = {isa = PBXFileReference; lastKnownFileType = sourcecode.swift; path = InterfaceManagementViewModel.swift; sourceTree = "<group>"; };
		F031 /* InterfaceManagementScreen.swift */ = {isa = PBXFileReference; lastKnownFileType = sourcecode.swift; path = InterfaceManagementScreen.swift; sourceTree = "<group>"; };
		F032 /* NodeDetailsView.swift */ = {isa = PBXFileReference; lastKnownFileType = sourcecode.swift; path = NodeDetailsView.swift; sourceTree = "<group>"; };
		F033 /* PropagationNodeManager.swift */ = {isa = PBXFileReference; lastKnownFileType = sourcecode.swift; path = PropagationNodeManager.swift; sourceTree = "<group>"; };
		F034 /* NetworkStatusViewModel.swift */ = {isa = PBXFileReference; lastKnownFileType = sourcecode.swift; path = NetworkStatusViewModel.swift; sourceTree = "<group>"; };
		F035 /* NetworkStatusView.swift */ = {isa = PBXFileReference; lastKnownFileType = sourcecode.swift; path = NetworkStatusView.swift; sourceTree = "<group>"; };
		F036 /* MaterialDesignIcons.swift */ = {isa = PBXFileReference; lastKnownFileType = sourcecode.swift; path = MaterialDesignIcons.swift; sourceTree = "<group>"; };
		F037 /* ProfileIcon.swift */ = {isa = PBXFileReference; lastKnownFileType = sourcecode.swift; path = ProfileIcon.swift; sourceTree = "<group>"; };
		F038 /* IconPickerView.swift */ = {isa = PBXFileReference; lastKnownFileType = sourcecode.swift; path = IconPickerView.swift; sourceTree = "<group>"; };
		F039 /* materialdesignicons.ttf */ = {isa = PBXFileReference; lastKnownFileType = file; path = materialdesignicons.ttf; sourceTree = "<group>"; };
		F040 /* NotificationService.swift */ = {isa = PBXFileReference; lastKnownFileType = sourcecode.swift; path = NotificationService.swift; sourceTree = "<group>"; };
		F041 /* AutoAnnounceManager.swift */ = {isa = PBXFileReference; lastKnownFileType = sourcecode.swift; path = AutoAnnounceManager.swift; sourceTree = "<group>"; };
		F042 /* LocalIdentity.swift */ = {isa = PBXFileReference; lastKnownFileType = sourcecode.swift; path = LocalIdentity.swift; sourceTree = "<group>"; };
		F043 /* IdentityManager.swift */ = {isa = PBXFileReference; lastKnownFileType = sourcecode.swift; path = IdentityManager.swift; sourceTree = "<group>"; };
		F044 /* IdentityManagerView.swift */ = {isa = PBXFileReference; lastKnownFileType = sourcecode.swift; path = IdentityManagerView.swift; sourceTree = "<group>"; };
		F045 /* LoRaPresets.swift */ = {isa = PBXFileReference; lastKnownFileType = sourcecode.swift; path = LoRaPresets.swift; sourceTree = "<group>"; };
		F046 /* BLEDevicePickerSheet.swift */ = {isa = PBXFileReference; lastKnownFileType = sourcecode.swift; path = BLEDevicePickerSheet.swift; sourceTree = "<group>"; };
		F047 /* RNodeConfigSheet.swift */ = {isa = PBXFileReference; lastKnownFileType = sourcecode.swift; path = RNodeConfigSheet.swift; sourceTree = "<group>"; };
		F048 /* MapLibreMapView.swift */ = {isa = PBXFileReference; lastKnownFileType = sourcecode.swift; path = MapLibreMapView.swift; sourceTree = "<group>"; };
		F049 /* QRScannerView.swift */ = {isa = PBXFileReference; lastKnownFileType = sourcecode.swift; path = QRScannerView.swift; sourceTree = "<group>"; };
		F04A /* AddContactSheet.swift */ = {isa = PBXFileReference; lastKnownFileType = sourcecode.swift; path = AddContactSheet.swift; sourceTree = "<group>"; };
		F04B /* LocationSharingManager.swift */ = {isa = PBXFileReference; lastKnownFileType = sourcecode.swift; path = LocationSharingManager.swift; sourceTree = "<group>"; };
		F04C /* OnboardingView.swift */ = {isa = PBXFileReference; lastKnownFileType = sourcecode.swift; path = OnboardingView.swift; sourceTree = "<group>"; };
		F04D /* WelcomePage.swift */ = {isa = PBXFileReference; lastKnownFileType = sourcecode.swift; path = WelcomePage.swift; sourceTree = "<group>"; };
		F04E /* IdentityPage.swift */ = {isa = PBXFileReference; lastKnownFileType = sourcecode.swift; path = IdentityPage.swift; sourceTree = "<group>"; };
		F04F /* ConnectivityPage.swift */ = {isa = PBXFileReference; lastKnownFileType = sourcecode.swift; path = ConnectivityPage.swift; sourceTree = "<group>"; };
		F050 /* PermissionsPage.swift */ = {isa = PBXFileReference; lastKnownFileType = sourcecode.swift; path = PermissionsPage.swift; sourceTree = "<group>"; };
		F051 /* CompletePage.swift */ = {isa = PBXFileReference; lastKnownFileType = sourcecode.swift; path = CompletePage.swift; sourceTree = "<group>"; };
		F052 /* OnboardingViewModel.swift */ = {isa = PBXFileReference; lastKnownFileType = sourcecode.swift; path = OnboardingViewModel.swift; sourceTree = "<group>"; };
		F053 /* TcpCommunityServer.swift */ = {isa = PBXFileReference; lastKnownFileType = sourcecode.swift; path = TcpCommunityServer.swift; sourceTree = "<group>"; };
		F054 /* RNodeWizardView.swift */ = {isa = PBXFileReference; lastKnownFileType = sourcecode.swift; path = RNodeWizardView.swift; sourceTree = "<group>"; };
		F055 /* DeviceDiscoveryStep.swift */ = {isa = PBXFileReference; lastKnownFileType = sourcecode.swift; path = DeviceDiscoveryStep.swift; sourceTree = "<group>"; };
		F056 /* RegionSelectionStep.swift */ = {isa = PBXFileReference; lastKnownFileType = sourcecode.swift; path = RegionSelectionStep.swift; sourceTree = "<group>"; };
		F057 /* ModemPresetStep.swift */ = {isa = PBXFileReference; lastKnownFileType = sourcecode.swift; path = ModemPresetStep.swift; sourceTree = "<group>"; };
		F058 /* FrequencySlotStep.swift */ = {isa = PBXFileReference; lastKnownFileType = sourcecode.swift; path = FrequencySlotStep.swift; sourceTree = "<group>"; };
		F059 /* ReviewConfigStep.swift */ = {isa = PBXFileReference; lastKnownFileType = sourcecode.swift; path = ReviewConfigStep.swift; sourceTree = "<group>"; };
		F05A /* RNodeWizardViewModel.swift */ = {isa = PBXFileReference; lastKnownFileType = sourcecode.swift; path = RNodeWizardViewModel.swift; sourceTree = "<group>"; };
		F05B /* MigrationData.swift */ = {isa = PBXFileReference; lastKnownFileType = sourcecode.swift; path = MigrationData.swift; sourceTree = "<group>"; };
		F05C /* MigrationCrypto.swift */ = {isa = PBXFileReference; lastKnownFileType = sourcecode.swift; path = MigrationCrypto.swift; sourceTree = "<group>"; };
		F05D /* MigrationExporter.swift */ = {isa = PBXFileReference; lastKnownFileType = sourcecode.swift; path = MigrationExporter.swift; sourceTree = "<group>"; };
		F05E /* MigrationImporter.swift */ = {isa = PBXFileReference; lastKnownFileType = sourcecode.swift; path = MigrationImporter.swift; sourceTree = "<group>"; };
		F05F /* MigrationViewModel.swift */ = {isa = PBXFileReference; lastKnownFileType = sourcecode.swift; path = MigrationViewModel.swift; sourceTree = "<group>"; };
		F060 /* MigrationScreen.swift */ = {isa = PBXFileReference; lastKnownFileType = sourcecode.swift; path = MigrationScreen.swift; sourceTree = "<group>"; };
		F061 /* OfflineMapManager.swift */ = {isa = PBXFileReference; lastKnownFileType = sourcecode.swift; path = OfflineMapManager.swift; sourceTree = "<group>"; };
		F062 /* OfflineMapDownloadView.swift */ = {isa = PBXFileReference; lastKnownFileType = sourcecode.swift; path = OfflineMapDownloadView.swift; sourceTree = "<group>"; };
		F063 /* OfflineMapsScreen.swift */ = {isa = PBXFileReference; lastKnownFileType = sourcecode.swift; path = OfflineMapsScreen.swift; sourceTree = "<group>"; };
		F064 /* ThemeColors.swift */ = {isa = PBXFileReference; lastKnownFileType = sourcecode.swift; path = ThemeColors.swift; sourceTree = "<group>"; };
		F065 /* ThemeManager.swift */ = {isa = PBXFileReference; lastKnownFileType = sourcecode.swift; path = ThemeManager.swift; sourceTree = "<group>"; };
		F066 /* AppearanceCard.swift */ = {isa = PBXFileReference; lastKnownFileType = sourcecode.swift; path = AppearanceCard.swift; sourceTree = "<group>"; };
		F067 /* CustomThemeEditorView.swift */ = {isa = PBXFileReference; lastKnownFileType = sourcecode.swift; path = CustomThemeEditorView.swift; sourceTree = "<group>"; };
		F068 /* CallManager.swift */ = {isa = PBXFileReference; lastKnownFileType = sourcecode.swift; path = CallManager.swift; sourceTree = "<group>"; };
		F069 /* CodecProfileInfo.swift */ = {isa = PBXFileReference; lastKnownFileType = sourcecode.swift; path = CodecProfileInfo.swift; sourceTree = "<group>"; };
		F06A /* CallControlButton.swift */ = {isa = PBXFileReference; lastKnownFileType = sourcecode.swift; path = CallControlButton.swift; sourceTree = "<group>"; };
		F06B /* CodecSelectionSheet.swift */ = {isa = PBXFileReference; lastKnownFileType = sourcecode.swift; path = CodecSelectionSheet.swift; sourceTree = "<group>"; };
		F06C /* IncomingCallScreen.swift */ = {isa = PBXFileReference; lastKnownFileType = sourcecode.swift; path = IncomingCallScreen.swift; sourceTree = "<group>"; };
		F06D /* PttButton.swift */ = {isa = PBXFileReference; lastKnownFileType = sourcecode.swift; path = PttButton.swift; sourceTree = "<group>"; };
		F06E /* VoiceCallScreen.swift */ = {isa = PBXFileReference; lastKnownFileType = sourcecode.swift; path = VoiceCallScreen.swift; sourceTree = "<group>"; };
		F06F /* CallKitManager.swift */ = {isa = PBXFileReference; lastKnownFileType = sourcecode.swift; path = CallKitManager.swift; sourceTree = "<group>"; };
		F070 /* AudioManager.swift */ = {isa = PBXFileReference; lastKnownFileType = sourcecode.swift; path = AudioManager.swift; sourceTree = "<group>"; };
		F071 /* BLEConnectionsView.swift */ = {isa = PBXFileReference; lastKnownFileType = sourcecode.swift; path = BLEConnectionsView.swift; sourceTree = "<group>"; };
		F072 /* RNodeProbeScanner.swift */ = {isa = PBXFileReference; lastKnownFileType = sourcecode.swift; path = RNodeProbeScanner.swift; sourceTree = "<group>"; };
		F073 /* MessageDetailView.swift */ = {isa = PBXFileReference; lastKnownFileType = sourcecode.swift; path = MessageDetailView.swift; sourceTree = "<group>"; };
		F074 /* SharedDefaults.swift */ = {isa = PBXFileReference; lastKnownFileType = sourcecode.swift; path = SharedDefaults.swift; sourceTree = "<group>"; };
		F075 /* ColumbaApp.entitlements */ = {isa = PBXFileReference; lastKnownFileType = text.plist.entitlements; path = ColumbaApp.entitlements; sourceTree = "<group>"; };
		F076 /* SharedFrameQueue.swift */ = {isa = PBXFileReference; lastKnownFileType = sourcecode.swift; path = SharedFrameQueue.swift; sourceTree = "<group>"; };
		FE01 /* PacketTunnelProvider.swift */ = {isa = PBXFileReference; lastKnownFileType = sourcecode.swift; path = PacketTunnelProvider.swift; sourceTree = "<group>"; };
		FE02 /* Info.plist */ = {isa = PBXFileReference; lastKnownFileType = text.plist.xml; path = Info.plist; sourceTree = "<group>"; };
		FE03 /* ColumbaNetworkExtension.entitlements */ = {isa = PBXFileReference; lastKnownFileType = text.plist.entitlements; path = ColumbaNetworkExtension.entitlements; sourceTree = "<group>"; };
		F077 /* TunnelManager.swift */ = {isa = PBXFileReference; lastKnownFileType = sourcecode.swift; path = TunnelManager.swift; sourceTree = "<group>"; };
		F078 /* ExtensionFrameReader.swift */ = {isa = PBXFileReference; lastKnownFileType = sourcecode.swift; path = ExtensionFrameReader.swift; sourceTree = "<group>"; };
		EPROD /* ColumbaNetworkExtension.appex */ = {isa = PBXFileReference; explicitFileType = "wrapper.app-extension"; includeInIndex = 0; path = ColumbaNetworkExtension.appex; sourceTree = BUILT_PRODUCTS_DIR; };
		PROD /* ColumbaApp.app */ = {isa = PBXFileReference; explicitFileType = wrapper.application; includeInIndex = 0; path = ColumbaApp.app; sourceTree = BUILT_PRODUCTS_DIR; };
/* End PBXFileReference section */

/* Begin PBXContainerItemProxy section */
		ECIP /* PBXContainerItemProxy */ = {
			isa = PBXContainerItemProxy;
			containerPortal = PROJ /* Project object */;
			proxyType = 1;
			remoteGlobalIDString = ETARG;
			remoteInfo = ColumbaNetworkExtension;
		};
/* End PBXContainerItemProxy section */

/* Begin PBXCopyFilesBuildPhase section */
		ECOPY /* Embed App Extensions */ = {
			isa = PBXCopyFilesBuildPhase;
			buildActionMask = 2147483647;
			dstPath = "";
			dstSubfolderSpec = 13;
			files = (
				E003 /* ColumbaNetworkExtension.appex in Embed App Extensions */,
			);
			name = "Embed App Extensions";
			runOnlyForDeploymentPostprocessing = 0;
		};
/* End PBXCopyFilesBuildPhase section */

/* Begin PBXFrameworksBuildPhase section */
		FWBP /* Frameworks */ = {
			isa = PBXFrameworksBuildPhase;
			buildActionMask = 2147483647;
			files = (
				023 /* LXMFSwift in Frameworks */,
				06FB /* LXSTSwift in Frameworks */,
				049 /* MapLibre in Frameworks */,
			);
			runOnlyForDeploymentPostprocessing = 0;
		};
		EFWBP /* Frameworks */ = {
			isa = PBXFrameworksBuildPhase;
			buildActionMask = 2147483647;
			files = (
			);
			runOnlyForDeploymentPostprocessing = 0;
		};
/* End PBXFrameworksBuildPhase section */

/* Begin PBXGroup section */
		GAPP /* App */ = {
			isa = PBXGroup;
			children = (
				F001 /* ColumbaApp.swift */,
			);
			path = App;
			sourceTree = "<group>";
		};
		GCALL /* Call */ = {
			isa = PBXGroup;
			children = (
				F06A /* CallControlButton.swift */,
				F06B /* CodecSelectionSheet.swift */,
				F06C /* IncomingCallScreen.swift */,
				F06D /* PttButton.swift */,
				F06E /* VoiceCallScreen.swift */,
			);
			path = Call;
			sourceTree = "<group>";
		};
		GCHATS /* Chats */ = {
			isa = PBXGroup;
			children = (
				F008 /* ChatsView.swift */,
				F009 /* ConversationRow.swift */,
			);
			path = Chats;
			sourceTree = "<group>";
		};
		GCOMP /* Components */ = {
			isa = PBXGroup;
			children = (
				F019 /* Identicon.swift */,
				F020 /* IdenticonGenerator.swift */,
				F036 /* MaterialDesignIcons.swift */,
				F037 /* ProfileIcon.swift */,
			);
			path = Components;
			sourceTree = "<group>";
		};
		GCONT /* Contacts */ = {
			isa = PBXGroup;
			children = (
				F010 /* ContactsView.swift */,
				F011 /* ContactCard.swift */,
				F012 /* NetworkAnnouncesTab.swift */,
				F032 /* NodeDetailsView.swift */,
				F049 /* QRScannerView.swift */,
				F04A /* AddContactSheet.swift */,
			);
			path = Contacts;
			sourceTree = "<group>";
		};
		GMAP /* Map */ = {
			isa = PBXGroup;
			children = (
				F021 /* MapView.swift */,
				F048 /* MapLibreMapView.swift */,
				F062 /* OfflineMapDownloadView.swift */,
				F063 /* OfflineMapsScreen.swift */,
			);
			path = Map;
			sourceTree = "<group>";
		};
		GMOD /* Models */ = {
			isa = PBXGroup;
			children = (
				F045 /* LoRaPresets.swift */,
				F053 /* TcpCommunityServer.swift */,
				F05B /* MigrationData.swift */,
				F069 /* CodecProfileInfo.swift */,
			);
			path = Models;
			sourceTree = "<group>";
		};
		GMSG /* Messaging */ = {
			isa = PBXGroup;
			children = (
				F013 /* MessagingView.swift */,
				F014 /* MessageBubble.swift */,
				F015 /* MessageInputBar.swift */,
				F073 /* MessageDetailView.swift */,
			);
			path = Messaging;
			sourceTree = "<group>";
		};
		GONB /* Onboarding */ = {
			isa = PBXGroup;
			children = (
				F04C /* OnboardingView.swift */,
				F04D /* WelcomePage.swift */,
				F04E /* IdentityPage.swift */,
				F04F /* ConnectivityPage.swift */,
				F050 /* PermissionsPage.swift */,
				F051 /* CompletePage.swift */,
			);
			path = Onboarding;
			sourceTree = "<group>";
		};
		GRES /* Resources */ = {
			isa = PBXGroup;
			children = (
				F022 /* Assets.xcassets */,
				F023 /* Info.plist */,
				F039 /* materialdesignicons.ttf */,
				F075 /* ColumbaApp.entitlements */,
			);
			path = Resources;
			sourceTree = "<group>";
		};
		GRNW /* RNodeWizard */ = {
			isa = PBXGroup;
			children = (
				F054 /* RNodeWizardView.swift */,
				F055 /* DeviceDiscoveryStep.swift */,
				F056 /* RegionSelectionStep.swift */,
				F057 /* ModemPresetStep.swift */,
				F058 /* FrequencySlotStep.swift */,
				F059 /* ReviewConfigStep.swift */,
				F072 /* RNodeProbeScanner.swift */,
			);
			path = RNodeWizard;
			sourceTree = "<group>";
		};
		GSET /* Settings */ = {
			isa = PBXGroup;
			children = (
				F016 /* SettingsView.swift */,
				F017 /* MyIdentityView.swift */,
				F018 /* ExpandableSettingsCard.swift */,
				F031 /* InterfaceManagementScreen.swift */,
				F035 /* NetworkStatusView.swift */,
				F038 /* IconPickerView.swift */,
				F044 /* IdentityManagerView.swift */,
				F046 /* BLEDevicePickerSheet.swift */,
				F047 /* RNodeConfigSheet.swift */,
				F060 /* MigrationScreen.swift */,
				F066 /* AppearanceCard.swift */,
				F067 /* CustomThemeEditorView.swift */,
				F071 /* BLEConnectionsView.swift */,
				GRNW /* RNodeWizard */,
			);
			path = Settings;
			sourceTree = "<group>";
		};
		GSVC /* Services */ = {
			isa = PBXGroup;
			children = (
				F024 /* AppServices.swift */,
				F025 /* MessageRepository.swift */,
				F026 /* SettingsRepository.swift */,
				F027 /* NotificationObserver.swift */,
				F028 /* IncomingMessageHandler.swift */,
				F029 /* InterfaceRepository.swift */,
				F033 /* PropagationNodeManager.swift */,
				F040 /* NotificationService.swift */,
				F041 /* AutoAnnounceManager.swift */,
				F042 /* LocalIdentity.swift */,
				F043 /* IdentityManager.swift */,
				F04B /* LocationSharingManager.swift */,
				F05C /* MigrationCrypto.swift */,
				F05D /* MigrationExporter.swift */,
				F05E /* MigrationImporter.swift */,
				F061 /* OfflineMapManager.swift */,
				F068 /* CallManager.swift */,
				F06F /* CallKitManager.swift */,
				F070 /* AudioManager.swift */,
				F074 /* SharedDefaults.swift */,
				F077 /* TunnelManager.swift */,
				F078 /* ExtensionFrameReader.swift */,
			);
			path = Services;
			sourceTree = "<group>";
		};
		GTHM /* Theme */ = {
			isa = PBXGroup;
			children = (
				F002 /* Theme.swift */,
				F064 /* ThemeColors.swift */,
				F065 /* ThemeManager.swift */,
			);
			path = Theme;
			sourceTree = "<group>";
		};
		GVIEWS /* Views */ = {
			isa = PBXGroup;
			children = (
				F007 /* MainTabView.swift */,
				GCALL /* Call */,
				GCHATS /* Chats */,
				GCONT /* Contacts */,
				GMSG /* Messaging */,
				GSET /* Settings */,
				GCOMP /* Components */,
				GMAP /* Map */,
				GONB /* Onboarding */,
			);
			path = Views;
			sourceTree = "<group>";
		};
		GVM /* ViewModels */ = {
			isa = PBXGroup;
			children = (
				F003 /* ChatsViewModel.swift */,
				F004 /* ContactsViewModel.swift */,
				F005 /* MessagingViewModel.swift */,
				F006 /* SettingsViewModel.swift */,
				F030 /* InterfaceManagementViewModel.swift */,
				F034 /* NetworkStatusViewModel.swift */,
				F052 /* OnboardingViewModel.swift */,
				F05A /* RNodeWizardViewModel.swift */,
				F05F /* MigrationViewModel.swift */,
			);
			path = ViewModels;
			sourceTree = "<group>";
		};
		PRODS /* Products */ = {
			isa = PBXGroup;
			children = (
				PROD /* ColumbaApp.app */,
				EPROD /* ColumbaNetworkExtension.appex */,
			);
			name = Products;
			sourceTree = "<group>";
		};
		ROOT = {
			isa = PBXGroup;
			children = (
				SRCS /* Sources/ColumbaApp */,
				GSHARED /* Sources/Shared */,
				GEXT /* Sources/ColumbaNetworkExtension */,
				PRODS /* Products */,
			);
			sourceTree = "<group>";
		};
		GEXT /* Sources/ColumbaNetworkExtension */ = {
			isa = PBXGroup;
			children = (
				FE01 /* PacketTunnelProvider.swift */,
				FE02 /* Info.plist */,
				FE03 /* ColumbaNetworkExtension.entitlements */,
			);
			path = Sources/ColumbaNetworkExtension;
			sourceTree = "<group>";
		};
		GSHARED /* Sources/Shared */ = {
			isa = PBXGroup;
			children = (
				F076 /* SharedFrameQueue.swift */,
			);
			path = Sources/Shared;
			sourceTree = "<group>";
		};
		SRCS /* Sources/ColumbaApp */ = {
			isa = PBXGroup;
			children = (
				GAPP /* App */,
				GTHM /* Theme */,
				GMOD /* Models */,
				GVM /* ViewModels */,
				GVIEWS /* Views */,
				GSVC /* Services */,
				GRES /* Resources */,
			);
			path = Sources/ColumbaApp;
			sourceTree = "<group>";
		};
/* End PBXGroup section */

/* Begin PBXNativeTarget section */
		TARG /* ColumbaApp */ = {
			isa = PBXNativeTarget;
			buildConfigurationList = BCLST /* Build configuration list for PBXNativeTarget "ColumbaApp" */;
			buildPhases = (
				SRCBP /* Sources */,
				FWBP /* Frameworks */,
				RESBP /* Resources */,
			);
			buildRules = (
			);
			dependencies = (
			);
			name = ColumbaApp;
			packageProductDependencies = (
				P001 /* LXMFSwift */,
				P003 /* LXSTSwift */,
				P002 /* MapLibre */,
			);
			productName = ColumbaApp;
			productReference = PROD /* ColumbaApp.app */;
			productType = "com.apple.product-type.application";
		};
		ETARG /* ColumbaNetworkExtension */ = {
			isa = PBXNativeTarget;
			buildConfigurationList = EBCLST /* Build configuration list for PBXNativeTarget "ColumbaNetworkExtension" */;
			buildPhases = (
				ESRCBP /* Sources */,
				EFWBP /* Frameworks */,
			);
			buildRules = (
			);
			dependencies = (
			);
			name = ColumbaNetworkExtension;
			productName = ColumbaNetworkExtension;
			productReference = EPROD /* ColumbaNetworkExtension.appex */;
			productType = "com.apple.product-type.app-extension";
		};
/* End PBXNativeTarget section */

/* Begin PBXProject section */
		PROJ /* Project object */ = {
			isa = PBXProject;
			attributes = {
				BuildIndependentTargetsInParallel = 1;
				LastSwiftUpdateCheck = 1500;
				LastUpgradeCheck = 1500;
				TargetAttributes = {
					TARG = {
						CreatedOnToolsVersion = 15.0;
					};
					ETARG = {
						CreatedOnToolsVersion = 15.0;
					};
				};
			};
			buildConfigurationList = PBCLST /* Build configuration list for PBXProject "ColumbaApp" */;
			compatibilityVersion = "Xcode 14.0";
			developmentRegion = en;
			hasScannedForEncodings = 0;
			knownRegions = (
				en,
				Base,
			);
			mainGroup = ROOT;
			packageReferences = (
				PKGREF /* XCLocalSwiftPackageReference "../LXMFSwift" */,
				PKGREF3 /* XCLocalSwiftPackageReference "../LXSTSwift" */,
				PKGREF2 /* XCRemoteSwiftPackageReference "maplibre-gl-native-distribution" */,
			);
			productRefGroup = PRODS /* Products */;
			projectDirPath = "";
			projectRoot = "";
			targets = (
				TARG /* ColumbaApp */,
				ETARG /* ColumbaNetworkExtension */,
			);
		};
/* End PBXProject section */

/* Begin PBXResourcesBuildPhase section */
		RESBP /* Resources */ = {
			isa = PBXResourcesBuildPhase;
			buildActionMask = 2147483647;
			files = (
				022 /* Assets.xcassets in Resources */,
				039 /* materialdesignicons.ttf in Resources */,
			);
			runOnlyForDeploymentPostprocessing = 0;
		};
/* End PBXResourcesBuildPhase section */

/* Begin PBXSourcesBuildPhase section */
		SRCBP /* Sources */ = {
			isa = PBXSourcesBuildPhase;
			buildActionMask = 2147483647;
			files = (
				001 /* ColumbaApp.swift in Sources */,
				002 /* Theme.swift in Sources */,
				003 /* ChatsViewModel.swift in Sources */,
				004 /* ContactsViewModel.swift in Sources */,
				005 /* MessagingViewModel.swift in Sources */,
				006 /* SettingsViewModel.swift in Sources */,
				007 /* MainTabView.swift in Sources */,
				008 /* ChatsView.swift in Sources */,
				009 /* ConversationRow.swift in Sources */,
				010 /* ContactsView.swift in Sources */,
				011 /* ContactCard.swift in Sources */,
				012 /* NetworkAnnouncesTab.swift in Sources */,
				013 /* MessagingView.swift in Sources */,
				014 /* MessageBubble.swift in Sources */,
				073 /* MessageDetailView.swift in Sources */,
				015 /* MessageInputBar.swift in Sources */,
				016 /* SettingsView.swift in Sources */,
				017 /* MyIdentityView.swift in Sources */,
				018 /* ExpandableSettingsCard.swift in Sources */,
				019 /* Identicon.swift in Sources */,
				020 /* IdenticonGenerator.swift in Sources */,
				021 /* MapView.swift in Sources */,
				048 /* MapLibreMapView.swift in Sources */,
				024 /* AppServices.swift in Sources */,
				025 /* MessageRepository.swift in Sources */,
				026 /* SettingsRepository.swift in Sources */,
				027 /* NotificationObserver.swift in Sources */,
				028 /* IncomingMessageHandler.swift in Sources */,
				029 /* InterfaceRepository.swift in Sources */,
				030 /* InterfaceManagementViewModel.swift in Sources */,
				031 /* InterfaceManagementScreen.swift in Sources */,
				032 /* NodeDetailsView.swift in Sources */,
				033 /* PropagationNodeManager.swift in Sources */,
				034 /* NetworkStatusViewModel.swift in Sources */,
				035 /* NetworkStatusView.swift in Sources */,
				036 /* MaterialDesignIcons.swift in Sources */,
				037 /* ProfileIcon.swift in Sources */,
				038 /* IconPickerView.swift in Sources */,
				040 /* NotificationService.swift in Sources */,
				041 /* AutoAnnounceManager.swift in Sources */,
				042 /* LocalIdentity.swift in Sources */,
				043 /* IdentityManager.swift in Sources */,
				044 /* IdentityManagerView.swift in Sources */,
				045 /* LoRaPresets.swift in Sources */,
				046 /* BLEDevicePickerSheet.swift in Sources */,
				047 /* RNodeConfigSheet.swift in Sources */,
				049B /* QRScannerView.swift in Sources */,
				04AB /* AddContactSheet.swift in Sources */,
				04BB /* LocationSharingManager.swift in Sources */,
				04CB /* OnboardingView.swift in Sources */,
				04DB /* WelcomePage.swift in Sources */,
				04EB /* IdentityPage.swift in Sources */,
				04FB /* ConnectivityPage.swift in Sources */,
				050B /* PermissionsPage.swift in Sources */,
				051B /* CompletePage.swift in Sources */,
				052B /* OnboardingViewModel.swift in Sources */,
				053B /* TcpCommunityServer.swift in Sources */,
				054B /* RNodeWizardView.swift in Sources */,
				055B /* DeviceDiscoveryStep.swift in Sources */,
				056B /* RegionSelectionStep.swift in Sources */,
				057B /* ModemPresetStep.swift in Sources */,
				058B /* FrequencySlotStep.swift in Sources */,
				059B /* ReviewConfigStep.swift in Sources */,
				072B /* RNodeProbeScanner.swift in Sources */,
				05AB /* RNodeWizardViewModel.swift in Sources */,
				05BB /* MigrationData.swift in Sources */,
				05CB /* MigrationCrypto.swift in Sources */,
				05DB /* MigrationExporter.swift in Sources */,
				05EB /* MigrationImporter.swift in Sources */,
				05FB /* MigrationViewModel.swift in Sources */,
				060B /* MigrationScreen.swift in Sources */,
				061B /* OfflineMapManager.swift in Sources */,
				062B /* OfflineMapDownloadView.swift in Sources */,
				063B /* OfflineMapsScreen.swift in Sources */,
				064B /* ThemeColors.swift in Sources */,
				065B /* ThemeManager.swift in Sources */,
				066B /* AppearanceCard.swift in Sources */,
				067B /* CustomThemeEditorView.swift in Sources */,
				068B /* CallManager.swift in Sources */,
				069B /* CodecProfileInfo.swift in Sources */,
				06AB /* CallControlButton.swift in Sources */,
				06BB /* CodecSelectionSheet.swift in Sources */,
				06CB /* IncomingCallScreen.swift in Sources */,
				06DB /* PttButton.swift in Sources */,
				06EB /* VoiceCallScreen.swift in Sources */,
				06F0 /* CallKitManager.swift in Sources */,
				0700 /* AudioManager.swift in Sources */,
				071B /* BLEConnectionsView.swift in Sources */,
				074B /* SharedDefaults.swift in Sources */,
				076B /* SharedFrameQueue.swift in Sources */,
				077B /* TunnelManager.swift in Sources */,
				078B /* ExtensionFrameReader.swift in Sources */,
			);
			runOnlyForDeploymentPostprocessing = 0;
		};
		ESRCBP /* Sources */ = {
			isa = PBXSourcesBuildPhase;
			buildActionMask = 2147483647;
			files = (
				E001 /* PacketTunnelProvider.swift in Sources */,
				E002 /* SharedFrameQueue.swift in Sources */,
			);
			runOnlyForDeploymentPostprocessing = 0;
		};
/* End PBXSourcesBuildPhase section */

/* Begin PBXTargetDependency section */
		EDEP /* PBXTargetDependency */ = {
			isa = PBXTargetDependency;
			target = ETARG /* ColumbaNetworkExtension */;
			targetProxy = ECIP /* PBXContainerItemProxy */;
		};
/* End PBXTargetDependency section */

/* Begin XCBuildConfiguration section */
		DBG /* Debug */ = {
			isa = XCBuildConfiguration;
			buildSettings = {
				ALWAYS_SEARCH_USER_PATHS = NO;
				ASSETCATALOG_COMPILER_GENERATE_SWIFT_ASSET_SYMBOL_EXTENSIONS = YES;
				CLANG_ANALYZER_NONNULL = YES;
				CLANG_ANALYZER_NUMBER_OBJECT_CONVERSION = YES_AGGRESSIVE;
				CLANG_CXX_LANGUAGE_STANDARD = "gnu++20";
				CLANG_ENABLE_MODULES = YES;
				CLANG_ENABLE_OBJC_ARC = YES;
				CLANG_ENABLE_OBJC_WEAK = YES;
				CLANG_WARN_BLOCK_CAPTURE_AUTORELEASING = YES;
				CLANG_WARN_BOOL_CONVERSION = YES;
				CLANG_WARN_COMMA = YES;
				CLANG_WARN_CONSTANT_CONVERSION = YES;
				CLANG_WARN_DEPRECATED_OBJC_IMPLEMENTATIONS = YES;
				CLANG_WARN_DIRECT_OBJC_ISA_USAGE = YES_ERROR;
				CLANG_WARN_DOCUMENTATION_COMMENTS = YES;
				CLANG_WARN_EMPTY_BODY = YES;
				CLANG_WARN_ENUM_CONVERSION = YES;
				CLANG_WARN_INFINITE_RECURSION = YES;
				CLANG_WARN_INT_CONVERSION = YES;
				CLANG_WARN_NON_LITERAL_NULL_CONVERSION = YES;
				CLANG_WARN_OBJC_IMPLICIT_RETAIN_SELF = YES;
				CLANG_WARN_OBJC_LITERAL_CONVERSION = YES;
				CLANG_WARN_OBJC_ROOT_CLASS = YES_ERROR;
				CLANG_WARN_QUOTED_INCLUDE_IN_FRAMEWORK_HEADER = YES;
				CLANG_WARN_RANGE_LOOP_ANALYSIS = YES;
				CLANG_WARN_STRICT_PROTOTYPES = YES;
				CLANG_WARN_SUSPICIOUS_MOVE = YES;
				CLANG_WARN_UNGUARDED_AVAILABILITY = YES_AGGRESSIVE;
				CLANG_WARN_UNREACHABLE_CODE = YES;
				CLANG_WARN__DUPLICATE_METHOD_MATCH = YES;
				COPY_PHASE_STRIP = NO;
				DEBUG_INFORMATION_FORMAT = dwarf;
				ENABLE_STRICT_OBJC_MSGSEND = YES;
				ENABLE_TESTABILITY = YES;
				ENABLE_USER_SCRIPT_SANDBOXING = YES;
				GCC_C_LANGUAGE_STANDARD = gnu17;
				GCC_DYNAMIC_NO_PIC = NO;
				GCC_NO_COMMON_BLOCKS = YES;
				GCC_OPTIMIZATION_LEVEL = 0;
				GCC_PREPROCESSOR_DEFINITIONS = (
					"DEBUG=1",
					"$(inherited)",
				);
				GCC_WARN_64_TO_32_BIT_CONVERSION = YES;
				GCC_WARN_ABOUT_RETURN_TYPE = YES_ERROR;
				GCC_WARN_UNDECLARED_SELECTOR = YES;
				GCC_WARN_UNINITIALIZED_AUTOS = YES_AGGRESSIVE;
				GCC_WARN_UNUSED_FUNCTION = YES;
				GCC_WARN_UNUSED_VARIABLE = YES;
				IPHONEOS_DEPLOYMENT_TARGET = 17.0;
				LOCALIZATION_PREFERS_STRING_CATALOGS = YES;
				MTL_ENABLE_DEBUG_INFO = INCLUDE_SOURCE;
				MTL_FAST_MATH = YES;
				ONLY_ACTIVE_ARCH = YES;
				SDKROOT = iphoneos;
				SWIFT_ACTIVE_COMPILATION_CONDITIONS = "DEBUG $(inherited)";
				SWIFT_OPTIMIZATION_LEVEL = "-Onone";
			};
			name = Debug;
		};
		REL /* Release */ = {
			isa = XCBuildConfiguration;
			buildSettings = {
				ALWAYS_SEARCH_USER_PATHS = NO;
				ASSETCATALOG_COMPILER_GENERATE_SWIFT_ASSET_SYMBOL_EXTENSIONS = YES;
				CLANG_ANALYZER_NONNULL = YES;
				CLANG_ANALYZER_NUMBER_OBJECT_CONVERSION = YES_AGGRESSIVE;
				CLANG_CXX_LANGUAGE_STANDARD = "gnu++20";
				CLANG_ENABLE_MODULES = YES;
				CLANG_ENABLE_OBJC_ARC = YES;
				CLANG_ENABLE_OBJC_WEAK = YES;
				CLANG_WARN_BLOCK_CAPTURE_AUTORELEASING = YES;
				CLANG_WARN_BOOL_CONVERSION = YES;
				CLANG_WARN_COMMA = YES;
				CLANG_WARN_CONSTANT_CONVERSION = YES;
				CLANG_WARN_DEPRECATED_OBJC_IMPLEMENTATIONS = YES;
				CLANG_WARN_DIRECT_OBJC_ISA_USAGE = YES_ERROR;
				CLANG_WARN_DOCUMENTATION_COMMENTS = YES;
				CLANG_WARN_EMPTY_BODY = YES;
				CLANG_WARN_ENUM_CONVERSION = YES;
				CLANG_WARN_INFINITE_RECURSION = YES;
				CLANG_WARN_INT_CONVERSION = YES;
				CLANG_WARN_NON_LITERAL_NULL_CONVERSION = YES;
				CLANG_WARN_OBJC_IMPLICIT_RETAIN_SELF = YES;
				CLANG_WARN_OBJC_LITERAL_CONVERSION = YES;
				CLANG_WARN_OBJC_ROOT_CLASS = YES_ERROR;
				CLANG_WARN_QUOTED_INCLUDE_IN_FRAMEWORK_HEADER = YES;
				CLANG_WARN_RANGE_LOOP_ANALYSIS = YES;
				CLANG_WARN_STRICT_PROTOTYPES = YES;
				CLANG_WARN_SUSPICIOUS_MOVE = YES;
				CLANG_WARN_UNGUARDED_AVAILABILITY = YES_AGGRESSIVE;
				CLANG_WARN_UNREACHABLE_CODE = YES;
				CLANG_WARN__DUPLICATE_METHOD_MATCH = YES;
				COPY_PHASE_STRIP = NO;
				DEBUG_INFORMATION_FORMAT = "dwarf-with-dsym";
				ENABLE_NS_ASSERTIONS = NO;
				ENABLE_STRICT_OBJC_MSGSEND = YES;
				ENABLE_USER_SCRIPT_SANDBOXING = YES;
				GCC_C_LANGUAGE_STANDARD = gnu17;
				GCC_NO_COMMON_BLOCKS = YES;
				GCC_WARN_64_TO_32_BIT_CONVERSION = YES;
				GCC_WARN_ABOUT_RETURN_TYPE = YES_ERROR;
				GCC_WARN_UNDECLARED_SELECTOR = YES;
				GCC_WARN_UNINITIALIZED_AUTOS = YES_AGGRESSIVE;
				GCC_WARN_UNUSED_FUNCTION = YES;
				GCC_WARN_UNUSED_VARIABLE = YES;
				IPHONEOS_DEPLOYMENT_TARGET = 17.0;
				LOCALIZATION_PREFERS_STRING_CATALOGS = YES;
				MTL_ENABLE_DEBUG_INFO = NO;
				MTL_FAST_MATH = YES;
				SDKROOT = iphoneos;
				SWIFT_COMPILATION_MODE = wholemodule;
				VALIDATE_PRODUCT = YES;
			};
			name = Release;
		};
		TDBG /* Debug */ = {
			isa = XCBuildConfiguration;
			buildSettings = {
				ASSETCATALOG_COMPILER_APPICON_NAME = AppIcon;
				ASSETCATALOG_COMPILER_GLOBAL_ACCENT_COLOR_NAME = AccentColor;
				CODE_SIGN_STYLE = Automatic;
				CURRENT_PROJECT_VERSION = 1;
				DEVELOPMENT_TEAM = "";
				ENABLE_PREVIEWS = YES;
				GENERATE_INFOPLIST_FILE = YES;
				INFOPLIST_FILE = Sources/ColumbaApp/Resources/Info.plist;
				INFOPLIST_KEY_UIApplicationSceneManifest_Generation = YES;
				INFOPLIST_KEY_UIApplicationSupportsIndirectInputEvents = YES;
				INFOPLIST_KEY_UILaunchScreen_Generation = YES;
				INFOPLIST_KEY_UISupportedInterfaceOrientations_iPad = "UIInterfaceOrientationPortrait UIInterfaceOrientationPortraitUpsideDown UIInterfaceOrientationLandscapeLeft UIInterfaceOrientationLandscapeRight";
				INFOPLIST_KEY_UISupportedInterfaceOrientations_iPhone = "UIInterfaceOrientationPortrait UIInterfaceOrientationLandscapeLeft UIInterfaceOrientationLandscapeRight";
				LD_RUNPATH_SEARCH_PATHS = (
					"$(inherited)",
					"@executable_path/Frameworks",
				);
				MARKETING_VERSION = 1.0;
				PRODUCT_BUNDLE_IDENTIFIER = com.columba.app;
				PRODUCT_NAME = "$(TARGET_NAME)";
				SWIFT_EMIT_LOC_STRINGS = YES;
				SWIFT_VERSION = 5.0;
				TARGETED_DEVICE_FAMILY = "1,2";
			};
			name = Debug;
		};
		TREL /* Release */ = {
			isa = XCBuildConfiguration;
			buildSettings = {
				ASSETCATALOG_COMPILER_APPICON_NAME = AppIcon;
				ASSETCATALOG_COMPILER_GLOBAL_ACCENT_COLOR_NAME = AccentColor;
				CODE_SIGN_STYLE = Automatic;
				CURRENT_PROJECT_VERSION = 1;
				DEVELOPMENT_TEAM = "";
				ENABLE_PREVIEWS = YES;
				GENERATE_INFOPLIST_FILE = YES;
				INFOPLIST_FILE = Sources/ColumbaApp/Resources/Info.plist;
				INFOPLIST_KEY_UIApplicationSceneManifest_Generation = YES;
				INFOPLIST_KEY_UIApplicationSupportsIndirectInputEvents = YES;
				INFOPLIST_KEY_UILaunchScreen_Generation = YES;
				INFOPLIST_KEY_UISupportedInterfaceOrientations_iPad = "UIInterfaceOrientationPortrait UIInterfaceOrientationPortraitUpsideDown UIInterfaceOrientationLandscapeLeft UIInterfaceOrientationLandscapeRight";
				INFOPLIST_KEY_UISupportedInterfaceOrientations_iPhone = "UIInterfaceOrientationPortrait UIInterfaceOrientationLandscapeLeft UIInterfaceOrientationLandscapeRight";
				LD_RUNPATH_SEARCH_PATHS = (
					"$(inherited)",
					"@executable_path/Frameworks",
				);
				MARKETING_VERSION = 1.0;
				PRODUCT_BUNDLE_IDENTIFIER = com.columba.app;
				PRODUCT_NAME = "$(TARGET_NAME)";
				SWIFT_EMIT_LOC_STRINGS = YES;
				SWIFT_VERSION = 5.0;
				TARGETED_DEVICE_FAMILY = "1,2";
			};
			name = Release;
		};
		EDBG /* Debug */ = {
			isa = XCBuildConfiguration;
			buildSettings = {
				CODE_SIGN_ENTITLEMENTS = Sources/ColumbaNetworkExtension/ColumbaNetworkExtension.entitlements;
				CODE_SIGN_STYLE = Automatic;
				CURRENT_PROJECT_VERSION = 1;
				DEVELOPMENT_TEAM = "";
				GENERATE_INFOPLIST_FILE = YES;
				INFOPLIST_FILE = Sources/ColumbaNetworkExtension/Info.plist;
				INFOPLIST_KEY_CFBundleDisplayName = "Columba Transport";
				INFOPLIST_KEY_NSHumanReadableCopyright = "";
				LD_RUNPATH_SEARCH_PATHS = (
					"$(inherited)",
					"@executable_path/Frameworks",
					"@executable_path/../../Frameworks",
				);
				MARKETING_VERSION = 1.0;
				PRODUCT_BUNDLE_IDENTIFIER = com.columba.app.tunnel;
				PRODUCT_NAME = "$(TARGET_NAME)";
				SKIP_INSTALL = YES;
				SWIFT_EMIT_LOC_STRINGS = YES;
				SWIFT_VERSION = 5.0;
				TARGETED_DEVICE_FAMILY = "1,2";
			};
			name = Debug;
		};
		EREL /* Release */ = {
			isa = XCBuildConfiguration;
			buildSettings = {
				CODE_SIGN_ENTITLEMENTS = Sources/ColumbaNetworkExtension/ColumbaNetworkExtension.entitlements;
				CODE_SIGN_STYLE = Automatic;
				CURRENT_PROJECT_VERSION = 1;
				DEVELOPMENT_TEAM = "";
				GENERATE_INFOPLIST_FILE = YES;
				INFOPLIST_FILE = Sources/ColumbaNetworkExtension/Info.plist;
				INFOPLIST_KEY_CFBundleDisplayName = "Columba Transport";
				INFOPLIST_KEY_NSHumanReadableCopyright = "";
				LD_RUNPATH_SEARCH_PATHS = (
					"$(inherited)",
					"@executable_path/Frameworks",
					"@executable_path/../../Frameworks",
				);
				MARKETING_VERSION = 1.0;
				PRODUCT_BUNDLE_IDENTIFIER = com.columba.app.tunnel;
				PRODUCT_NAME = "$(TARGET_NAME)";
				SKIP_INSTALL = YES;
				SWIFT_EMIT_LOC_STRINGS = YES;
				SWIFT_VERSION = 5.0;
				TARGETED_DEVICE_FAMILY = "1,2";
			};
			name = Release;
		};
/* End XCBuildConfiguration section */

/* Begin XCConfigurationList section */
		BCLST /* Build configuration list for PBXNativeTarget "ColumbaApp" */ = {
			isa = XCConfigurationList;
			buildConfigurations = (
				TDBG /* Debug */,
				TREL /* Release */,
			);
			defaultConfigurationIsVisible = 0;
			defaultConfigurationName = Release;
		};
		PBCLST /* Build configuration list for PBXProject "ColumbaApp" */ = {
			isa = XCConfigurationList;
			buildConfigurations = (
				DBG /* Debug */,
				REL /* Release */,
			);
			defaultConfigurationIsVisible = 0;
			defaultConfigurationName = Release;
		};
		EBCLST /* Build configuration list for PBXNativeTarget "ColumbaNetworkExtension" */ = {
			isa = XCConfigurationList;
			buildConfigurations = (
				EDBG /* Debug */,
				EREL /* Release */,
			);
			defaultConfigurationIsVisible = 0;
			defaultConfigurationName = Release;
		};
/* End XCConfigurationList section */

/* Begin XCLocalSwiftPackageReference section */
		PKGREF /* XCLocalSwiftPackageReference "../LXMFSwift" */ = {
			isa = XCLocalSwiftPackageReference;
			relativePath = ../LXMFSwift;
		};
		PKGREF3 /* XCLocalSwiftPackageReference "../LXSTSwift" */ = {
			isa = XCLocalSwiftPackageReference;
			relativePath = ../LXSTSwift;
		};
/* End XCLocalSwiftPackageReference section */

/* Begin XCRemoteSwiftPackageReference section */
		PKGREF2 /* XCRemoteSwiftPackageReference "maplibre-gl-native-distribution" */ = {
			isa = XCRemoteSwiftPackageReference;
			repositoryURL = "https://github.com/maplibre/maplibre-gl-native-distribution";
			requirement = {
				kind = upToNextMajorVersion;
				minimumVersion = 6.9.0;
			};
		};
/* End XCRemoteSwiftPackageReference section */

/* Begin XCSwiftPackageProductDependency section */
		P001 /* LXMFSwift */ = {
			isa = XCSwiftPackageProductDependency;
			productName = LXMFSwift;
		};
		P002 /* MapLibre */ = {
			isa = XCSwiftPackageProductDependency;
			package = PKGREF2 /* XCRemoteSwiftPackageReference "maplibre-gl-native-distribution" */;
			productName = MapLibre;
		};
		P003 /* LXSTSwift */ = {
			isa = XCSwiftPackageProductDependency;
			productName = LXSTSwift;
		};
/* End XCSwiftPackageProductDependency section */
	};
	rootObject = PROJ /* Project object */;
}
