{
  "originHash" : "c6238b92f29bac0c2437bee30ef56dcf4e736811e836a07830defe6172cc77b8",
  "pins" : [
    {
      "identity" : "lxst-swift",
      "kind" : "remoteSourceControl",
      "location" : "https://github.com/torlando-tech/LXST-swift.git",
      "state" : {
        "branch" : "feat/transport-agnostic",
        "revision" : "b192964e14af193814685e43fddc233525262615"
      }
    },
    {
      "identity" : "maplibre-gl-native-distribution",
      "kind" : "remoteSourceControl",
      "location" : "https://github.com/maplibre/maplibre-gl-native-distribution",
      "state" : {
        "revision" : "40e1a0db6d055abf8a1b6e2f6127a8bb6e895cf8",
        "version" : "6.25.1"
      }
    }
  ],
  "version" : 3
}
