{
  "originHash" : "ab8e26f753ec08ec6924cbf6fd931cf46454ee4b8b8fe509d5eb37eec3ff45e0",
  "pins" : [
    {
      "identity" : "bitbytedata",
      "kind" : "remoteSourceControl",
      "location" : "https://github.com/tsolomko/BitByteData",
      "state" : {
        "revision" : "cdcdc5177ad536cfb11b95c620f926a81014b7fe",
        "version" : "2.0.4"
      }
    },
    {
      "identity" : "cryptoswift",
      "kind" : "remoteSourceControl",
      "location" : "https://github.com/krzyzanowskim/CryptoSwift.git",
      "state" : {
        "revision" : "e45a26384239e028ec87fbcc788f513b67e10d8f",
        "version" : "1.9.0"
      }
    },
    {
      "identity" : "grdb.swift",
      "kind" : "remoteSourceControl",
      "location" : "https://github.com/groue/GRDB.swift.git",
      "state" : {
        "revision" : "2cf6c756e1e5ef6901ebae16576a7e4e4b834622",
        "version" : "6.29.3"
      }
    },
    {
      "identity" : "lxmf-swift",
      "kind" : "remoteSourceControl",
      "location" : "https://github.com/torlando-tech/LXMF-swift.git",
      "state" : {
        "revision" : "97c4871bae3dcf392c0a2e10a7c1eb56639270ec",
        "version" : "0.3.0"
      }
    },
    {
      "identity" : "lxst-swift",
      "kind" : "remoteSourceControl",
      "location" : "https://github.com/torlando-tech/LXST-swift.git",
      "state" : {
        "revision" : "f84bd720ea602ed5a1983a0f058d90b6a4174c35",
        "version" : "0.2.0"
      }
    },
    {
      "identity" : "maplibre-gl-native-distribution",
      "kind" : "remoteSourceControl",
      "location" : "https://github.com/maplibre/maplibre-gl-native-distribution",
      "state" : {
        "revision" : "4cbd3f5f25583627006e60c5fcdaf5339813118c",
        "version" : "6.23.0"
      }
    },
    {
      "identity" : "reticulum-swift",
      "kind" : "remoteSourceControl",
      "location" : "https://github.com/torlando-tech/reticulum-swift.git",
      "state" : {
        "revision" : "254410a83b287f78f21ae2a0234813abff3e4305",
        "version" : "0.2.0"
      }
    },
    {
      "identity" : "swcompression",
      "kind" : "remoteSourceControl",
      "location" : "https://github.com/tsolomko/SWCompression.git",
      "state" : {
        "revision" : "390e0b0af8dd19a600005a242a89e570ff482e09",
        "version" : "4.8.6"
      }
    }
  ],
  "version" : 3
}
