{
  "originHash" : "c7dee423c59cc8c0a11df25d462d202b9d304e192dfd59f33db44ab5eec71255",
  "pins" : [
    {
      "identity" : "bitbytedata",
      "kind" : "remoteSourceControl",
      "location" : "https://github.com/tsolomko/BitByteData",
      "state" : {
        "revision" : "cdcdc5177ad536cfb11b95c620f926a81014b7fe",
        "version" : "2.0.4"
      }
    },
    {
      "identity" : "cryptoswift",
      "kind" : "remoteSourceControl",
      "location" : "https://github.com/krzyzanowskim/CryptoSwift.git",
      "state" : {
        "revision" : "e45a26384239e028ec87fbcc788f513b67e10d8f",
        "version" : "1.9.0"
      }
    },
    {
      "identity" : "grdb.swift",
      "kind" : "remoteSourceControl",
      "location" : "https://github.com/groue/GRDB.swift.git",
      "state" : {
        "revision" : "2cf6c756e1e5ef6901ebae16576a7e4e4b834622",
        "version" : "6.29.3"
      }
    },
    {
      "identity" : "lxmf-swift",
      "kind" : "remoteSourceControl",
      "location" : "git@github.com:torlando-tech/LXMF-swift.git",
      "state" : {
        "revision" : "ddf3d60c136ac519b1a19ece41cb1f8480ec88e0",
        "version" : "0.2.0"
      }
    },
    {
      "identity" : "lxst-swift",
      "kind" : "remoteSourceControl",
      "location" : "git@github.com:torlando-tech/LXST-swift.git",
      "state" : {
        "revision" : "9246eb1cddd3fff4957dff7a913ea605292628f3",
        "version" : "0.1.0"
      }
    },
    {
      "identity" : "maplibre-gl-native-distribution",
      "kind" : "remoteSourceControl",
      "location" : "https://github.com/maplibre/maplibre-gl-native-distribution",
      "state" : {
        "revision" : "4cbd3f5f25583627006e60c5fcdaf5339813118c",
        "version" : "6.23.0"
      }
    },
    {
      "identity" : "reticulum-swift-lib",
      "kind" : "remoteSourceControl",
      "location" : "git@github.com:torlando-tech/reticulum-swift-lib.git",
      "state" : {
        "revision" : "2b89c1b7d7296640d11f9c905a938f944b420706",
        "version" : "0.1.0"
      }
    },
    {
      "identity" : "swcompression",
      "kind" : "remoteSourceControl",
      "location" : "https://github.com/tsolomko/SWCompression.git",
      "state" : {
        "revision" : "390e0b0af8dd19a600005a242a89e570ff482e09",
        "version" : "4.8.6"
      }
    }
  ],
  "version" : 3
}
